
Microsoft Visual Studio Solution File, Format Version 12.00
# Visual Studio 15
VisualStudioVersion = 15.0.27428.2002
MinimumVisualStudioVersion = 10.0.40219.1
Project("{888888A0-9F3D-457C-B088-3A5042F75D52}") = "Collector_V3", "Collector_V3\Collector_V3.pyproj", "{BAB59CF4-7519-4721-8EC1-D02EBCF65FC2}"
EndProject
Global
	GlobalSection(SolutionConfigurationPlatforms) = preSolution
		Debug|Any CPU = Debug|Any CPU
		Release|Any CPU = Release|Any CPU
	EndGlobalSection
	GlobalSection(ProjectConfigurationPlatforms) = postSolution
		{BAB59CF4-7519-4721-8EC1-D02EBCF65FC2}.Debug|Any CPU.ActiveCfg = Debug|Any CPU
		{BAB59CF4-7519-4721-8EC1-D02EBCF65FC2}.Debug|Any CPU.Build.0 = Debug|Any CPU
		{BAB59CF4-7519-4721-8EC1-D02EBCF65FC2}.Release|Any CPU.ActiveCfg = Release|Any CPU
		{BAB59CF4-7519-4721-8EC1-D02EBCF65FC2}.Release|Any CPU.Build.0 = Release|Any CPU
	EndGlobalSection
	GlobalSection(SolutionProperties) = preSolution
		HideSolutionNode = FALSE
	EndGlobalSection
	GlobalSection(ExtensibilityGlobals) = postSolution
		SolutionGuid = {BC5228B9-0160-4951-8B7A-1941FB3F0380}
	EndGlobalSection
EndGlobal
